{
  "name": "npm-demo",
  "version": "1.0.0",
  "lockfileVersion": 3,
  "requires": true,
  "packages": {
    "": {
      "name": "npm-demo",
      "version": "1.0.0",
      "license": "ISC",
      "dependencies": {
        "smart-data-masking": "^1.0.3"
      }
    },
    "node_modules/smart-data-masking": {
      "version": "1.0.3",
      "resolved": "https://registry.npmjs.org/smart-data-masking/-/smart-data-masking-1.0.3.tgz",
      "integrity": "sha512-WNrf/TmPw64zWXDpbtSVwCiU+cUYS4uo1VUgWwQ0S2MS8/XymHkPpZ2H6N6l4Df8Ec5LKbYpZauYfzKpmgzsjA==",
      "license": "MIT"
    }
  }
}
